// !$*UTF8*$!
{
	archiveVersion = 1;
	classes = {
	};
	objectVersion = 56;
	objects = {

/* Begin PBXBuildFile section */
		BD0C1EA12BE10EC900B1F5A6 /* MyFirstAppApp.swift in Sources */ = {isa = PBXBuildFile; fileRef = BD0C1EA02BE10EC900B1F5A6 /* MyFirstAppApp.swift */; };
		BD0C1EA32BE10EC900B1F5A6 /* ContentView.swift in Sources */ = {isa = PBXBuildFile; fileRef = BD0C1EA22BE10EC900B1F5A6 /* ContentView.swift */; };
		BD0C1EA52BE10ECA00B1F5A6 /* Assets.xcassets in Resources */ = {isa = PBXBuildFile; fileRef = BD0C1EA42BE10ECA00B1F5A6 /* Assets.xcassets */; };
		BD0C1EA82BE10ECA00B1F5A6 /* Preview Assets.xcassets in Resources */ = {isa = PBXBuildFile; fileRef = BD0C1EA72BE10ECA00B1F5A6 /* Preview Assets.xcassets */; };
		BD0C1EB22BE10ECB00B1F5A6 /* MyFirstAppTests.swift in Sources */ = {isa = PBXBuildFile; fileRef = BD0C1EB12BE10ECB00B1F5A6 /* MyFirstAppTests.swift */; };
		BD0C1EBC2BE10ECB00B1F5A6 /* MyFirstAppUITests.swift in Sources */ = {isa = PBXBuildFile; fileRef = BD0C1EBB2BE10ECB00B1F5A6 /* MyFirstAppUITests.swift */; };
		BD0C1EBE2BE10ECB00B1F5A6 /* MyFirstAppUITestsLaunchTests.swift in Sources */ = {isa = PBXBuildFile; fileRef = BD0C1EBD2BE10ECB00B1F5A6 /* MyFirstAppUITestsLaunchTests.swift */; };
		BD2171182BE63B2200E09DF0 /* .gitignore in Resources */ = {isa = PBXBuildFile; fileRef = BD2171172BE63B2200E09DF0 /* .gitignore */; };
		BD21711A2BE63D0000E09DF0 /* Variable.swift in Sources */ = {isa = PBXBuildFile; fileRef = BD2171192BE63D0000E09DF0 /* Variable.swift */; };
/* End PBXBuildFile section */

/* Begin PBXContainerItemProxy section */
		BD0C1EAE2BE10ECB00B1F5A6 /* PBXContainerItemProxy */ = {
			isa = PBXContainerItemProxy;
			containerPortal = BD0C1E952BE10EC900B1F5A6 /* Project object */;
			proxyType = 1;
			remoteGlobalIDString = BD0C1E9C2BE10EC900B1F5A6;
			remoteInfo = MyFirstApp;
		};
		BD0C1EB82BE10ECB00B1F5A6 /* PBXContainerItemProxy */ = {
			isa = PBXContainerItemProxy;
			containerPortal = BD0C1E952BE10EC900B1F5A6 /* Project object */;
			proxyType = 1;
			remoteGlobalIDString = BD0C1E9C2BE10EC900B1F5A6;
			remoteInfo = MyFirstApp;
		};
/* End PBXContainerItemProxy section */

/* Begin PBXFileReference section */
		BD0C1E9D2BE10EC900B1F5A6 /* MyFirstApp.app */ = {isa = PBXFileReference; explicitFileType = wrapper.application; includeInIndex = 0; path = MyFirstApp.app; sourceTree = BUILT_PRODUCTS_DIR; };
		BD0C1EA02BE10EC900B1F5A6 /* MyFirstAppApp.swift */ = {isa = PBXFileReference; lastKnownFileType = sourcecode.swift; path = MyFirstAppApp.swift; sourceTree = "<group>"; };
		BD0C1EA22BE10EC900B1F5A6 /* ContentView.swift */ = {isa = PBXFileReference; lastKnownFileType = sourcecode.swift; path = ContentView.swift; sourceTree = "<group>"; };
		BD0C1EA42BE10ECA00B1F5A6 /* Assets.xcassets */ = {isa = PBXFileReference; lastKnownFileType = folder.assetcatalog; path = Assets.xcassets; sourceTree = "<group>"; };
		BD0C1EA72BE10ECA00B1F5A6 /* Preview Assets.xcassets */ = {isa = PBXFileReference; lastKnownFileType = folder.assetcatalog; path = "Preview Assets.xcassets"; sourceTree = "<group>"; };
		BD0C1EAD2BE10ECB00B1F5A6 /* MyFirstAppTests.xctest */ = {isa = PBXFileReference; explicitFileType = wrapper.cfbundle; includeInIndex = 0; path = MyFirstAppTests.xctest; sourceTree = BUILT_PRODUCTS_DIR; };
		BD0C1EB12BE10ECB00B1F5A6 /* MyFirstAppTests.swift */ = {isa = PBXFileReference; lastKnownFileType = sourcecode.swift; path = MyFirstAppTests.swift; sourceTree = "<group>"; };
		BD0C1EB72BE10ECB00B1F5A6 /* MyFirstAppUITests.xctest */ = {isa = PBXFileReference; explicitFileType = wrapper.cfbundle; includeInIndex = 0; path = MyFirstAppUITests.xctest; sourceTree = BUILT_PRODUCTS_DIR; };
		BD0C1EBB2BE10ECB00B1F5A6 /* MyFirstAppUITests.swift */ = {isa = PBXFileReference; lastKnownFileType = sourcecode.swift; path = MyFirstAppUITests.swift; sourceTree = "<group>"; };
		BD0C1EBD2BE10ECB00B1F5A6 /* MyFirstAppUITestsLaunchTests.swift */ = {isa = PBXFileReference; lastKnownFileType = sourcecode.swift; path = MyFirstAppUITestsLaunchTests.swift; sourceTree = "<group>"; };
		BD2171172BE63B2200E09DF0 /* .gitignore */ = {isa = PBXFileReference; lastKnownFileType = text; path = .gitignore; sourceTree = "<group>"; };
		BD2171192BE63D0000E09DF0 /* Variable.swift */ = {isa = PBXFileReference; lastKnownFileType = sourcecode.swift; path = Variable.swift; sourceTree = "<group>"; };
/* End PBXFileReference section */

/* Begin PBXFrameworksBuildPhase section */
		BD0C1E9A2BE10EC900B1F5A6 /* Frameworks */ = {
			isa = PBXFrameworksBuildPhase;
			buildActionMask = 2147483647;
			files = (
			);
			runOnlyForDeploymentPostprocessing = 0;
		};
		BD0C1EAA2BE10ECB00B1F5A6 /* Frameworks */ = {
			isa = PBXFrameworksBuildPhase;
			buildActionMask = 2147483647;
			files = (
			);
			runOnlyForDeploymentPostprocessing = 0;
		};
		BD0C1EB42BE10ECB00B1F5A6 /* Frameworks */ = {
			isa = PBXFrameworksBuildPhase;
			buildActionMask = 2147483647;
			files = (
			);
			runOnlyForDeploymentPostprocessing = 0;
		};
/* End PBXFrameworksBuildPhase section */

/* Begin PBXGroup section */
		BD0C1E942BE10EC900B1F5A6 = {
			isa = PBXGroup;
			children = (
				BD2171172BE63B2200E09DF0 /* .gitignore */,
				BD0C1E9F2BE10EC900B1F5A6 /* MyFirstApp */,
				BD0C1EB02BE10ECB00B1F5A6 /* MyFirstAppTests */,
				BD0C1EBA2BE10ECB00B1F5A6 /* MyFirstAppUITests */,
				BD0C1E9E2BE10EC900B1F5A6 /* Products */,
			);
			sourceTree = "<group>";
		};
		BD0C1E9E2BE10EC900B1F5A6 /* Products */ = {
			isa = PBXGroup;
			children = (
				BD0C1E9D2BE10EC900B1F5A6 /* MyFirstApp.app */,
				BD0C1EAD2BE10ECB00B1F5A6 /* MyFirstAppTests.xctest */,
				BD0C1EB72BE10ECB00B1F5A6 /* MyFirstAppUITests.xctest */,
			);
			name = Products;
			sourceTree = "<group>";
		};
		BD0C1E9F2BE10EC900B1F5A6 /* MyFirstApp */ = {
			isa = PBXGroup;
			children = (
				BD0C1EA02BE10EC900B1F5A6 /* MyFirstAppApp.swift */,
				BD2171192BE63D0000E09DF0 /* Variable.swift */,
				BD0C1EA22BE10EC900B1F5A6 /* ContentView.swift */,
				BD0C1EA42BE10ECA00B1F5A6 /* Assets.xcassets */,
				BD0C1EA62BE10ECA00B1F5A6 /* Preview Content */,
			);
			path = MyFirstApp;
			sourceTree = "<group>";
		};
		BD0C1EA62BE10ECA00B1F5A6 /* Preview Content */ = {
			isa = PBXGroup;
			children = (
				BD0C1EA72BE10ECA00B1F5A6 /* Preview Assets.xcassets */,
			);
			path = "Preview Content";
			sourceTree = "<group>";
		};
		BD0C1EB02BE10ECB00B1F5A6 /* MyFirstAppTests */ = {
			isa = PBXGroup;
			children = (
				BD0C1EB12BE10ECB00B1F5A6 /* MyFirstAppTests.swift */,
			);
			path = MyFirstAppTests;
			sourceTree = "<group>";
		};
		BD0C1EBA2BE10ECB00B1F5A6 /* MyFirstAppUITests */ = {
			isa = PBXGroup;
			children = (
				BD0C1EBB2BE10ECB00B1F5A6 /* MyFirstAppUITests.swift */,
				BD0C1EBD2BE10ECB00B1F5A6 /* MyFirstAppUITestsLaunchTests.swift */,
			);
			path = MyFirstAppUITests;
			sourceTree = "<group>";
		};
/* End PBXGroup section */

/* Begin PBXNativeTarget section */
		BD0C1E9C2BE10EC900B1F5A6 /* MyFirstApp */ = {
			isa = PBXNativeTarget;
			buildConfigurationList = BD0C1EC12BE10ECB00B1F5A6 /* Build configuration list for PBXNativeTarget "MyFirstApp" */;
			buildPhases = (
				BD0C1E992BE10EC900B1F5A6 /* Sources */,
				BD0C1E9A2BE10EC900B1F5A6 /* Frameworks */,
				BD0C1E9B2BE10EC900B1F5A6 /* Resources */,
			);
			buildRules = (
			);
			dependencies = (
			);
			name = MyFirstApp;
			productName = MyFirstApp;
			productReference = BD0C1E9D2BE10EC900B1F5A6 /* MyFirstApp.app */;
			productType = "com.apple.product-type.application";
		};
		BD0C1EAC2BE10ECB00B1F5A6 /* MyFirstAppTests */ = {
			isa = PBXNativeTarget;
			buildConfigurationList = BD0C1EC42BE10ECB00B1F5A6 /* Build configuration list for PBXNativeTarget "MyFirstAppTests" */;
			buildPhases = (
				BD0C1EA92BE10ECB00B1F5A6 /* Sources */,
				BD0C1EAA2BE10ECB00B1F5A6 /* Frameworks */,
				BD0C1EAB2BE10ECB00B1F5A6 /* Resources */,
			);
			buildRules = (
			);
			dependencies = (
				BD0C1EAF2BE10ECB00B1F5A6 /* PBXTargetDependency */,
			);
			name = MyFirstAppTests;
			productName = MyFirstAppTests;
			productReference = BD0C1EAD2BE10ECB00B1F5A6 /* MyFirstAppTests.xctest */;
			productType = "com.apple.product-type.bundle.unit-test";
		};
		BD0C1EB62BE10ECB00B1F5A6 /* MyFirstAppUITests */ = {
			isa = PBXNativeTarget;
			buildConfigurationList = BD0C1EC72BE10ECB00B1F5A6 /* Build configuration list for PBXNativeTarget "MyFirstAppUITests" */;
			buildPhases = (
				BD0C1EB32BE10ECB00B1F5A6 /* Sources */,
				BD0C1EB42BE10ECB00B1F5A6 /* Frameworks */,
				BD0C1EB52BE10ECB00B1F5A6 /* Resources */,
			);
			buildRules = (
			);
			dependencies = (
				BD0C1EB92BE10ECB00B1F5A6 /* PBXTargetDependency */,
			);
			name = MyFirstAppUITests;
			productName = MyFirstAppUITests;
			productReference = BD0C1EB72BE10ECB00B1F5A6 /* MyFirstAppUITests.xctest */;
			productType = "com.apple.product-type.bundle.ui-testing";
		};
/* End PBXNativeTarget section */

/* Begin PBXProject section */
		BD0C1E952BE10EC900B1F5A6 /* Project object */ = {
			isa = PBXProject;
			attributes = {
				BuildIndependentTargetsInParallel = 1;
				LastSwiftUpdateCheck = 1530;
				LastUpgradeCheck = 1530;
				TargetAttributes = {
					BD0C1E9C2BE10EC900B1F5A6 = {
						CreatedOnToolsVersion = 15.3;
					};
					BD0C1EAC2BE10ECB00B1F5A6 = {
						CreatedOnToolsVersion = 15.3;
						TestTargetID = BD0C1E9C2BE10EC900B1F5A6;
					};
					BD0C1EB62BE10ECB00B1F5A6 = {
						CreatedOnToolsVersion = 15.3;
						TestTargetID = BD0C1E9C2BE10EC900B1F5A6;
					};
				};
			};
			buildConfigurationList = BD0C1E982BE10EC900B1F5A6 /* Build configuration list for PBXProject "MyFirstApp" */;
			compatibilityVersion = "Xcode 14.0";
			developmentRegion = en;
			hasScannedForEncodings = 0;
			knownRegions = (
				en,
				Base,
			);
			mainGroup = BD0C1E942BE10EC900B1F5A6;
			productRefGroup = BD0C1E9E2BE10EC900B1F5A6 /* Products */;
			projectDirPath = "";
			projectRoot = "";
			targets = (
				BD0C1E9C2BE10EC900B1F5A6 /* MyFirstApp */,
				BD0C1EAC2BE10ECB00B1F5A6 /* MyFirstAppTests */,
				BD0C1EB62BE10ECB00B1F5A6 /* MyFirstAppUITests */,
			);
		};
/* End PBXProject section */

/* Begin PBXResourcesBuildPhase section */
		BD0C1E9B2BE10EC900B1F5A6 /* Resources */ = {
			isa = PBXResourcesBuildPhase;
			buildActionMask = 2147483647;
			files = (
				BD0C1EA82BE10ECA00B1F5A6 /* Preview Assets.xcassets in Resources */,
				BD2171182BE63B2200E09DF0 /* .gitignore in Resources */,
				BD0C1EA52BE10ECA00B1F5A6 /* Assets.xcassets in Resources */,
			);
			runOnlyForDeploymentPostprocessing = 0;
		};
		BD0C1EAB2BE10ECB00B1F5A6 /* Resources */ = {
			isa = PBXResourcesBuildPhase;
			buildActionMask = 2147483647;
			files = (
			);
			runOnlyForDeploymentPostprocessing = 0;
		};
		BD0C1EB52BE10ECB00B1F5A6 /* Resources */ = {
			isa = PBXResourcesBuildPhase;
			buildActionMask = 2147483647;
			files = (
			);
			runOnlyForDeploymentPostprocessing = 0;
		};
/* End PBXResourcesBuildPhase section */

/* Begin PBXSourcesBuildPhase section */
		BD0C1E992BE10EC900B1F5A6 /* Sources */ = {
			isa = PBXSourcesBuildPhase;
			buildActionMask = 2147483647;
			files = (
				BD0C1EA32BE10EC900B1F5A6 /* ContentView.swift in Sources */,
				BD21711A2BE63D0000E09DF0 /* Variable.swift in Sources */,
				BD0C1EA12BE10EC900B1F5A6 /* MyFirstAppApp.swift in Sources */,
			);
			runOnlyForDeploymentPostprocessing = 0;
		};
		BD0C1EA92BE10ECB00B1F5A6 /* Sources */ = {
			isa = PBXSourcesBuildPhase;
			buildActionMask = 2147483647;
			files = (
				BD0C1EB22BE10ECB00B1F5A6 /* MyFirstAppTests.swift in Sources */,
			);
			runOnlyForDeploymentPostprocessing = 0;
		};
		BD0C1EB32BE10ECB00B1F5A6 /* Sources */ = {
			isa = PBXSourcesBuildPhase;
			buildActionMask = 2147483647;
			files = (
				BD0C1EBC2BE10ECB00B1F5A6 /* MyFirstAppUITests.swift in Sources */,
				BD0C1EBE2BE10ECB00B1F5A6 /* MyFirstAppUITestsLaunchTests.swift in Sources */,
			);
			runOnlyForDeploymentPostprocessing = 0;
		};
/* End PBXSourcesBuildPhase section */

/* Begin PBXTargetDependency section */
		BD0C1EAF2BE10ECB00B1F5A6 /* PBXTargetDependency */ = {
			isa = PBXTargetDependency;
			target = BD0C1E9C2BE10EC900B1F5A6 /* MyFirstApp */;
			targetProxy = BD0C1EAE2BE10ECB00B1F5A6 /* PBXContainerItemProxy */;
		};
		BD0C1EB92BE10ECB00B1F5A6 /* PBXTargetDependency */ = {
			isa = PBXTargetDependency;
			target = BD0C1E9C2BE10EC900B1F5A6 /* MyFirstApp */;
			targetProxy = BD0C1EB82BE10ECB00B1F5A6 /* PBXContainerItemProxy */;
		};
/* End PBXTargetDependency section */

/* Begin XCBuildConfiguration section */
		BD0C1EBF2BE10ECB00B1F5A6 /* Debug */ = {
			isa = XCBuildConfiguration;
			buildSettings = {
				ALWAYS_SEARCH_USER_PATHS = NO;
				ASSETCATALOG_COMPILER_GENERATE_SWIFT_ASSET_SYMBOL_EXTENSIONS = YES;
				CLANG_ANALYZER_NONNULL = YES;
				CLANG_ANALYZER_NUMBER_OBJECT_CONVERSION = YES_AGGRESSIVE;
				CLANG_CXX_LANGUAGE_STANDARD = "gnu++20";
				CLANG_ENABLE_MODULES = YES;
				CLANG_ENABLE_OBJC_ARC = YES;
				CLANG_ENABLE_OBJC_WEAK = YES;
				CLANG_WARN_BLOCK_CAPTURE_AUTORELEASING = YES;
				CLANG_WARN_BOOL_CONVERSION = YES;
				CLANG_WARN_COMMA = YES;
				CLANG_WARN_CONSTANT_CONVERSION = YES;
				CLANG_WARN_DEPRECATED_OBJC_IMPLEMENTATIONS = YES;
				CLANG_WARN_DIRECT_OBJC_ISA_USAGE = YES_ERROR;
				CLANG_WARN_DOCUMENTATION_COMMENTS = YES;
				CLANG_WARN_EMPTY_BODY = YES;
				CLANG_WARN_ENUM_CONVERSION = YES;
				CLANG_WARN_INFINITE_RECURSION = YES;
				CLANG_WARN_INT_CONVERSION = YES;
				CLANG_WARN_NON_LITERAL_NULL_CONVERSION = YES;
				CLANG_WARN_OBJC_IMPLICIT_RETAIN_SELF = YES;
				CLANG_WARN_OBJC_LITERAL_CONVERSION = YES;
				CLANG_WARN_OBJC_ROOT_CLASS = YES_ERROR;
				CLANG_WARN_QUOTED_INCLUDE_IN_FRAMEWORK_HEADER = YES;
				CLANG_WARN_RANGE_LOOP_ANALYSIS = YES;
				CLANG_WARN_STRICT_PROTOTYPES = YES;
				CLANG_WARN_SUSPICIOUS_MOVE = YES;
				CLANG_WARN_UNGUARDED_AVAILABILITY = YES_AGGRESSIVE;
				CLANG_WARN_UNREACHABLE_CODE = YES;
				CLANG_WARN__DUPLICATE_METHOD_MATCH = YES;
				COPY_PHASE_STRIP = NO;
				DEBUG_INFORMATION_FORMAT = dwarf;
				ENABLE_STRICT_OBJC_MSGSEND = YES;
				ENABLE_TESTABILITY = YES;
				ENABLE_USER_SCRIPT_SANDBOXING = YES;
				GCC_C_LANGUAGE_STANDARD = gnu17;
				GCC_DYNAMIC_NO_PIC = NO;
				GCC_NO_COMMON_BLOCKS = YES;
				GCC_OPTIMIZATION_LEVEL = 0;
				GCC_PREPROCESSOR_DEFINITIONS = (
					"DEBUG=1",
					"$(inherited)",
				);
				GCC_WARN_64_TO_32_BIT_CONVERSION = YES;
				GCC_WARN_ABOUT_RETURN_TYPE = YES_ERROR;
				GCC_WARN_UNDECLARED_SELECTOR = YES;
				GCC_WARN_UNINITIALIZED_AUTOS = YES_AGGRESSIVE;
				GCC_WARN_UNUSED_FUNCTION = YES;
				GCC_WARN_UNUSED_VARIABLE = YES;
				IPHONEOS_DEPLOYMENT_TARGET = 17.4;
				LOCALIZATION_PREFERS_STRING_CATALOGS = YES;
				MTL_ENABLE_DEBUG_INFO = INCLUDE_SOURCE;
				MTL_FAST_MATH = YES;
				ONLY_ACTIVE_ARCH = YES;
				SDKROOT = iphoneos;
				SWIFT_ACTIVE_COMPILATION_CONDITIONS = "DEBUG $(inherited)";
				SWIFT_OPTIMIZATION_LEVEL = "-Onone";
			};
			name = Debug;
		};
		BD0C1EC02BE10ECB00B1F5A6 /* Release */ = {
			isa = XCBuildConfiguration;
			buildSettings = {
				ALWAYS_SEARCH_USER_PATHS = NO;
				ASSETCATALOG_COMPILER_GENERATE_SWIFT_ASSET_SYMBOL_EXTENSIONS = YES;
				CLANG_ANALYZER_NONNULL = YES;
				CLANG_ANALYZER_NUMBER_OBJECT_CONVERSION = YES_AGGRESSIVE;
				CLANG_CXX_LANGUAGE_STANDARD = "gnu++20";
				CLANG_ENABLE_MODULES = YES;
				CLANG_ENABLE_OBJC_ARC = YES;
				CLANG_ENABLE_OBJC_WEAK = YES;
				CLANG_WARN_BLOCK_CAPTURE_AUTORELEASING = YES;
				CLANG_WARN_BOOL_CONVERSION = YES;
				CLANG_WARN_COMMA = YES;
				CLANG_WARN_CONSTANT_CONVERSION = YES;
				CLANG_WARN_DEPRECATED_OBJC_IMPLEMENTATIONS = YES;
				CLANG_WARN_DIRECT_OBJC_ISA_USAGE = YES_ERROR;
				CLANG_WARN_DOCUMENTATION_COMMENTS = YES;
				CLANG_WARN_EMPTY_BODY = YES;
				CLANG_WARN_ENUM_CONVERSION = YES;
				CLANG_WARN_INFINITE_RECURSION = YES;
				CLANG_WARN_INT_CONVERSION = YES;
				CLANG_WARN_NON_LITERAL_NULL_CONVERSION = YES;
				CLANG_WARN_OBJC_IMPLICIT_RETAIN_SELF = YES;
				CLANG_WARN_OBJC_LITERAL_CONVERSION = YES;
				CLANG_WARN_OBJC_ROOT_CLASS = YES_ERROR;
				CLANG_WARN_QUOTED_INCLUDE_IN_FRAMEWORK_HEADER = YES;
				CLANG_WARN_RANGE_LOOP_ANALYSIS = YES;
				CLANG_WARN_STRICT_PROTOTYPES = YES;
				CLANG_WARN_SUSPICIOUS_MOVE = YES;
				CLANG_WARN_UNGUARDED_AVAILABILITY = YES_AGGRESSIVE;
				CLANG_WARN_UNREACHABLE_CODE = YES;
				CLANG_WARN__DUPLICATE_METHOD_MATCH = YES;
				COPY_PHASE_STRIP = NO;
				DEBUG_INFORMATION_FORMAT = "dwarf-with-dsym";
				ENABLE_NS_ASSERTIONS = NO;
				ENABLE_STRICT_OBJC_MSGSEND = YES;
				ENABLE_USER_SCRIPT_SANDBOXING = YES;
				GCC_C_LANGUAGE_STANDARD = gnu17;
				GCC_NO_COMMON_BLOCKS = YES;
				GCC_WARN_64_TO_32_BIT_CONVERSION = YES;
				GCC_WARN_ABOUT_RETURN_TYPE = YES_ERROR;
				GCC_WARN_UNDECLARED_SELECTOR = YES;
				GCC_WARN_UNINITIALIZED_AUTOS = YES_AGGRESSIVE;
				GCC_WARN_UNUSED_FUNCTION = YES;
				GCC_WARN_UNUSED_VARIABLE = YES;
				IPHONEOS_DEPLOYMENT_TARGET = 17.4;
				LOCALIZATION_PREFERS_STRING_CATALOGS = YES;
				MTL_ENABLE_DEBUG_INFO = NO;
				MTL_FAST_MATH = YES;
				SDKROOT = iphoneos;
				SWIFT_COMPILATION_MODE = wholemodule;
				VALIDATE_PRODUCT = YES;
			};
			name = Release;
		};
		BD0C1EC22BE10ECB00B1F5A6 /* Debug */ = {
			isa = XCBuildConfiguration;
			buildSettings = {
				ASSETCATALOG_COMPILER_APPICON_NAME = AppIcon;
				ASSETCATALOG_COMPILER_GLOBAL_ACCENT_COLOR_NAME = AccentColor;
				CODE_SIGN_STYLE = Automatic;
				CURRENT_PROJECT_VERSION = 1;
				DEVELOPMENT_ASSET_PATHS = "\"MyFirstApp/Preview Content\"";
				ENABLE_PREVIEWS = YES;
				GENERATE_INFOPLIST_FILE = YES;
				INFOPLIST_KEY_UIApplicationSceneManifest_Generation = YES;
				INFOPLIST_KEY_UIApplicationSupportsIndirectInputEvents = YES;
				INFOPLIST_KEY_UILaunchScreen_Generation = YES;
				INFOPLIST_KEY_UISupportedInterfaceOrientations_iPad = "UIInterfaceOrientationPortrait UIInterfaceOrientationPortraitUpsideDown UIInterfaceOrientationLandscapeLeft UIInterfaceOrientationLandscapeRight";
				INFOPLIST_KEY_UISupportedInterfaceOrientations_iPhone = "UIInterfaceOrientationPortrait UIInterfaceOrientationLandscapeLeft UIInterfaceOrientationLandscapeRight";
				LD_RUNPATH_SEARCH_PATHS = (
					"$(inherited)",
					"@executable_path/Frameworks",
				);
				MARKETING_VERSION = 1.0;
				PRODUCT_BUNDLE_IDENTIFIER = Donew.MyFirstApp;
				PRODUCT_NAME = "$(TARGET_NAME)";
				SWIFT_EMIT_LOC_STRINGS = YES;
				SWIFT_VERSION = 5.0;
				TARGETED_DEVICE_FAMILY = "1,2";
			};
			name = Debug;
		};
		BD0C1EC32BE10ECB00B1F5A6 /* Release */ = {
			isa = XCBuildConfiguration;
			buildSettings = {
				ASSETCATALOG_COMPILER_APPICON_NAME = AppIcon;
				ASSETCATALOG_COMPILER_GLOBAL_ACCENT_COLOR_NAME = AccentColor;
				CODE_SIGN_STYLE = Automatic;
				CURRENT_PROJECT_VERSION = 1;
				DEVELOPMENT_ASSET_PATHS = "\"MyFirstApp/Preview Content\"";
				ENABLE_PREVIEWS = YES;
				GENERATE_INFOPLIST_FILE = YES;
				INFOPLIST_KEY_UIApplicationSceneManifest_Generation = YES;
				INFOPLIST_KEY_UIApplicationSupportsIndirectInputEvents = YES;
				INFOPLIST_KEY_UILaunchScreen_Generation = YES;
				INFOPLIST_KEY_UISupportedInterfaceOrientations_iPad = "UIInterfaceOrientationPortrait UIInterfaceOrientationPortraitUpsideDown UIInterfaceOrientationLandscapeLeft UIInterfaceOrientationLandscapeRight";
				INFOPLIST_KEY_UISupportedInterfaceOrientations_iPhone = "UIInterfaceOrientationPortrait UIInterfaceOrientationLandscapeLeft UIInterfaceOrientationLandscapeRight";
				LD_RUNPATH_SEARCH_PATHS = (
					"$(inherited)",
					"@executable_path/Frameworks",
				);
				MARKETING_VERSION = 1.0;
				PRODUCT_BUNDLE_IDENTIFIER = Donew.MyFirstApp;
				PRODUCT_NAME = "$(TARGET_NAME)";
				SWIFT_EMIT_LOC_STRINGS = YES;
				SWIFT_VERSION = 5.0;
				TARGETED_DEVICE_FAMILY = "1,2";
			};
			name = Release;
		};
		BD0C1EC52BE10ECB00B1F5A6 /* Debug */ = {
			isa = XCBuildConfiguration;
			buildSettings = {
				ALWAYS_EMBED_SWIFT_STANDARD_LIBRARIES = YES;
				BUNDLE_LOADER = "$(TEST_HOST)";
				CODE_SIGN_STYLE = Automatic;
				CURRENT_PROJECT_VERSION = 1;
				GENERATE_INFOPLIST_FILE = YES;
				IPHONEOS_DEPLOYMENT_TARGET = 17.4;
				MARKETING_VERSION = 1.0;
				PRODUCT_BUNDLE_IDENTIFIER = Donew.MyFirstAppTests;
				PRODUCT_NAME = "$(TARGET_NAME)";
				SWIFT_EMIT_LOC_STRINGS = NO;
				SWIFT_VERSION = 5.0;
				TARGETED_DEVICE_FAMILY = "1,2";
				TEST_HOST = "$(BUILT_PRODUCTS_DIR)/MyFirstApp.app/$(BUNDLE_EXECUTABLE_FOLDER_PATH)/MyFirstApp";
			};
			name = Debug;
		};
		BD0C1EC62BE10ECB00B1F5A6 /* Release */ = {
			isa = XCBuildConfiguration;
			buildSettings = {
				ALWAYS_EMBED_SWIFT_STANDARD_LIBRARIES = YES;
				BUNDLE_LOADER = "$(TEST_HOST)";
				CODE_SIGN_STYLE = Automatic;
				CURRENT_PROJECT_VERSION = 1;
				GENERATE_INFOPLIST_FILE = YES;
				IPHONEOS_DEPLOYMENT_TARGET = 17.4;
				MARKETING_VERSION = 1.0;
				PRODUCT_BUNDLE_IDENTIFIER = Donew.MyFirstAppTests;
				PRODUCT_NAME = "$(TARGET_NAME)";
				SWIFT_EMIT_LOC_STRINGS = NO;
				SWIFT_VERSION = 5.0;
				TARGETED_DEVICE_FAMILY = "1,2";
				TEST_HOST = "$(BUILT_PRODUCTS_DIR)/MyFirstApp.app/$(BUNDLE_EXECUTABLE_FOLDER_PATH)/MyFirstApp";
			};
			name = Release;
		};
		BD0C1EC82BE10ECB00B1F5A6 /* Debug */ = {
			isa = XCBuildConfiguration;
			buildSettings = {
				ALWAYS_EMBED_SWIFT_STANDARD_LIBRARIES = YES;
				CODE_SIGN_STYLE = Automatic;
				CURRENT_PROJECT_VERSION = 1;
				GENERATE_INFOPLIST_FILE = YES;
				MARKETING_VERSION = 1.0;
				PRODUCT_BUNDLE_IDENTIFIER = Donew.MyFirstAppUITests;
				PRODUCT_NAME = "$(TARGET_NAME)";
				SWIFT_EMIT_LOC_STRINGS = NO;
				SWIFT_VERSION = 5.0;
				TARGETED_DEVICE_FAMILY = "1,2";
				TEST_TARGET_NAME = MyFirstApp;
			};
			name = Debug;
		};
		BD0C1EC92BE10ECB00B1F5A6 /* Release */ = {
			isa = XCBuildConfiguration;
			buildSettings = {
				ALWAYS_EMBED_SWIFT_STANDARD_LIBRARIES = YES;
				CODE_SIGN_STYLE = Automatic;
				CURRENT_PROJECT_VERSION = 1;
				GENERATE_INFOPLIST_FILE = YES;
				MARKETING_VERSION = 1.0;
				PRODUCT_BUNDLE_IDENTIFIER = Donew.MyFirstAppUITests;
				PRODUCT_NAME = "$(TARGET_NAME)";
				SWIFT_EMIT_LOC_STRINGS = NO;
				SWIFT_VERSION = 5.0;
				TARGETED_DEVICE_FAMILY = "1,2";
				TEST_TARGET_NAME = MyFirstApp;
			};
			name = Release;
		};
/* End XCBuildConfiguration section */

/* Begin XCConfigurationList section */
		BD0C1E982BE10EC900B1F5A6 /* Build configuration list for PBXProject "MyFirstApp" */ = {
			isa = XCConfigurationList;
			buildConfigurations = (
				BD0C1EBF2BE10ECB00B1F5A6 /* Debug */,
				BD0C1EC02BE10ECB00B1F5A6 /* Release */,
			);
			defaultConfigurationIsVisible = 0;
			defaultConfigurationName = Release;
		};
		BD0C1EC12BE10ECB00B1F5A6 /* Build configuration list for PBXNativeTarget "MyFirstApp" */ = {
			isa = XCConfigurationList;
			buildConfigurations = (
				BD0C1EC22BE10ECB00B1F5A6 /* Debug */,
				BD0C1EC32BE10ECB00B1F5A6 /* Release */,
			);
			defaultConfigurationIsVisible = 0;
			defaultConfigurationName = Release;
		};
		BD0C1EC42BE10ECB00B1F5A6 /* Build configuration list for PBXNativeTarget "MyFirstAppTests" */ = {
			isa = XCConfigurationList;
			buildConfigurations = (
				BD0C1EC52BE10ECB00B1F5A6 /* Debug */,
				BD0C1EC62BE10ECB00B1F5A6 /* Release */,
			);
			defaultConfigurationIsVisible = 0;
			defaultConfigurationName = Release;
		};
		BD0C1EC72BE10ECB00B1F5A6 /* Build configuration list for PBXNativeTarget "MyFirstAppUITests" */ = {
			isa = XCConfigurationList;
			buildConfigurations = (
				BD0C1EC82BE10ECB00B1F5A6 /* Debug */,
				BD0C1EC92BE10ECB00B1F5A6 /* Release */,
			);
			defaultConfigurationIsVisible = 0;
			defaultConfigurationName = Release;
		};
/* End XCConfigurationList section */
	};
	rootObject = BD0C1E952BE10EC900B1F5A6 /* Project object */;
}
